
Microsoft Visual Studio Solution File, Format Version 12.00
# Visual Studio Version 16
VisualStudioVersion = 16.0.31729.503
MinimumVisualStudioVersion = 10.0.40219.1
Project("{FAE04EC0-301F-11D3-BF4B-00C04F79EFBC}") = "ResoniteSlotInspectorCounter", "ResoniteSlotInspectorCounter\ResoniteSlotInspectorCounter.csproj", "{DDDCAD1E-AA6C-40DF-A444-B67D1B905AAD}"
EndProject
Global
	GlobalSection(SolutionConfigurationPlatforms) = preSolution
		Debug|Any CPU = Debug|Any CPU
		Release|Any CPU = Release|Any CPU
	EndGlobalSection
	GlobalSection(ProjectConfigurationPlatforms) = postSolution
		{DDDCAD1E-AA6C-40DF-A444-B67D1B905AAD}.Debug|Any CPU.ActiveCfg = Debug|Any CPU
		{DDDCAD1E-AA6C-40DF-A444-B67D1B905AAD}.Debug|Any CPU.Build.0 = Debug|Any CPU
		{DDDCAD1E-AA6C-40DF-A444-B67D1B905AAD}.Release|Any CPU.ActiveCfg = Release|Any CPU
		{DDDCAD1E-AA6C-40DF-A444-B67D1B905AAD}.Release|Any CPU.Build.0 = Release|Any CPU
	EndGlobalSection
	GlobalSection(SolutionProperties) = preSolution
		HideSolutionNode = FALSE
	EndGlobalSection
	GlobalSection(ExtensibilityGlobals) = postSolution
		SolutionGuid = {5A73FE17-CF0D-43B7-B2E2-2514E920FAAA}
	EndGlobalSection
EndGlobal
