
Microsoft Visual Studio Solution File, Format Version 12.00
# Visual Studio Version 17
VisualStudioVersion = 17.5.002.0
MinimumVisualStudioVersion = 10.0.40219.1
Project("{9A19103F-16F7-4668-BE54-9A1E7A4F7556}") = "ResoniteSlotInspectorCounter", "ResoniteSlotInspectorCounter.csproj", "{726FA421-C770-4CB0-896F-AEC07A5A397C}"
EndProject
Global
	GlobalSection(SolutionConfigurationPlatforms) = preSolution
		Debug|Any CPU = Debug|Any CPU
		Release|Any CPU = Release|Any CPU
	EndGlobalSection
	GlobalSection(ProjectConfigurationPlatforms) = postSolution
		{726FA421-C770-4CB0-896F-AEC07A5A397C}.Debug|Any CPU.ActiveCfg = Debug|Any CPU
		{726FA421-C770-4CB0-896F-AEC07A5A397C}.Debug|Any CPU.Build.0 = Debug|Any CPU
		{726FA421-C770-4CB0-896F-AEC07A5A397C}.Release|Any CPU.ActiveCfg = Release|Any CPU
		{726FA421-C770-4CB0-896F-AEC07A5A397C}.Release|Any CPU.Build.0 = Release|Any CPU
	EndGlobalSection
	GlobalSection(SolutionProperties) = preSolution
		HideSolutionNode = FALSE
	EndGlobalSection
	GlobalSection(ExtensibilityGlobals) = postSolution
		SolutionGuid = {1839B515-1119-4BA9-BB27-A5CEC03E5D79}
	EndGlobalSection
EndGlobal
